
Microsoft Visual Studio Solution File, Format Version 12.00
# Visual Studio Version 17
VisualStudioVersion = 17.6.33815.320
MinimumVisualStudioVersion = 10.0.40219.1
Project("{FAE04EC0-301F-11D3-BF4B-00C04F79EFBC}") = "KursovaPoSAA", "KursovaPoSAA\KursovaPoSAA.csproj", "{AA9E592D-97A4-4AD2-A11B-F19AF24794B8}"
EndProject
Global
	GlobalSection(SolutionConfigurationPlatforms) = preSolution
		Debug|Any CPU = Debug|Any CPU
		Release|Any CPU = Release|Any CPU
	EndGlobalSection
	GlobalSection(ProjectConfigurationPlatforms) = postSolution
		{AA9E592D-97A4-4AD2-A11B-F19AF24794B8}.Debug|Any CPU.ActiveCfg = Debug|Any CPU
		{AA9E592D-97A4-4AD2-A11B-F19AF24794B8}.Debug|Any CPU.Build.0 = Debug|Any CPU
		{AA9E592D-97A4-4AD2-A11B-F19AF24794B8}.Release|Any CPU.ActiveCfg = Release|Any CPU
		{AA9E592D-97A4-4AD2-A11B-F19AF24794B8}.Release|Any CPU.Build.0 = Release|Any CPU
	EndGlobalSection
	GlobalSection(SolutionProperties) = preSolution
		HideSolutionNode = FALSE
	EndGlobalSection
	GlobalSection(ExtensibilityGlobals) = postSolution
		SolutionGuid = {F2F8DBE7-8579-4310-838A-A34DB27118F3}
	EndGlobalSection
EndGlobal
